// !$*UTF8*$!
{
	archiveVersion = 1;
	classes = {
	};
	objectVersion = 55;
	objects = {

/* Begin PBXBuildFile section */
		9B277F0A2812227C0092D3B0 /* MapTypePicker.swift in Sources */ = {isa = PBXBuildFile; fileRef = 9B277F092812227C0092D3B0 /* MapTypePicker.swift */; };
		9B277F0B2812227C0092D3B0 /* MapTypePicker.swift in Sources */ = {isa = PBXBuildFile; fileRef = 9B277F092812227C0092D3B0 /* MapTypePicker.swift */; };
		9B277F0D281223280092D3B0 /* MapGrid.swift in Sources */ = {isa = PBXBuildFile; fileRef = 9B277F0C281223280092D3B0 /* MapGrid.swift */; };
		9B277F0E281223280092D3B0 /* MapGrid.swift in Sources */ = {isa = PBXBuildFile; fileRef = 9B277F0C281223280092D3B0 /* MapGrid.swift */; };
		9B277F10281227000092D3B0 /* NumberField.swift in Sources */ = {isa = PBXBuildFile; fileRef = 9B277F0F281227000092D3B0 /* NumberField.swift */; };
		9B277F11281227000092D3B0 /* NumberField.swift in Sources */ = {isa = PBXBuildFile; fileRef = 9B277F0F281227000092D3B0 /* NumberField.swift */; };
		9B277F1328122DC20092D3B0 /* MKCoordinateRegion.swift in Sources */ = {isa = PBXBuildFile; fileRef = 9B277F1228122DC20092D3B0 /* MKCoordinateRegion.swift */; };
		9B277F1428122DC20092D3B0 /* MKCoordinateRegion.swift in Sources */ = {isa = PBXBuildFile; fileRef = 9B277F1228122DC20092D3B0 /* MKCoordinateRegion.swift */; };
		9B277F1628122F4D0092D3B0 /* Range.swift in Sources */ = {isa = PBXBuildFile; fileRef = 9B277F1528122F4D0092D3B0 /* Range.swift */; };
		9B277F1728122F4D0092D3B0 /* Range.swift in Sources */ = {isa = PBXBuildFile; fileRef = 9B277F1528122F4D0092D3B0 /* Range.swift */; };
		9B6DDE5027C40DF300B1B883 /* VisualizationPage.swift in Sources */ = {isa = PBXBuildFile; fileRef = 9B6DDE4F27C40DF300B1B883 /* VisualizationPage.swift */; };
		9B6DDE5127C40DF300B1B883 /* VisualizationPage.swift in Sources */ = {isa = PBXBuildFile; fileRef = 9B6DDE4F27C40DF300B1B883 /* VisualizationPage.swift */; };
		9B7EBC9327C3BCA5005DD366 /* Position.swift in Sources */ = {isa = PBXBuildFile; fileRef = 9B7EBC8E27C3BCA5005DD366 /* Position.swift */; };
		9B7EBC9427C3BCA5005DD366 /* Position.swift in Sources */ = {isa = PBXBuildFile; fileRef = 9B7EBC8E27C3BCA5005DD366 /* Position.swift */; };
		9B7EBC9727C3BCA5005DD366 /* Map.swift in Sources */ = {isa = PBXBuildFile; fileRef = 9B7EBC9027C3BCA5005DD366 /* Map.swift */; };
		9B7EBC9827C3BCA5005DD366 /* Map.swift in Sources */ = {isa = PBXBuildFile; fileRef = 9B7EBC9027C3BCA5005DD366 /* Map.swift */; };
		9B7EBC9B27C3BCA5005DD366 /* Ship.swift in Sources */ = {isa = PBXBuildFile; fileRef = 9B7EBC9127C3BCA5005DD366 /* Ship.swift */; };
		9B7EBC9C27C3BCA5005DD366 /* Ship.swift in Sources */ = {isa = PBXBuildFile; fileRef = 9B7EBC9127C3BCA5005DD366 /* Ship.swift */; };
		9B7EBC9D27C3BCA5005DD366 /* Coordinate.swift in Sources */ = {isa = PBXBuildFile; fileRef = 9B7EBC9227C3BCA5005DD366 /* Coordinate.swift */; };
		9B7EBC9E27C3BCA5005DD366 /* Coordinate.swift in Sources */ = {isa = PBXBuildFile; fileRef = 9B7EBC9227C3BCA5005DD366 /* Coordinate.swift */; };
		9B8EF5C427C3C116008EBCC8 /* ReaderPage.swift in Sources */ = {isa = PBXBuildFile; fileRef = 9B8EF5C327C3C116008EBCC8 /* ReaderPage.swift */; };
		9B8EF5C527C3C116008EBCC8 /* ReaderPage.swift in Sources */ = {isa = PBXBuildFile; fileRef = 9B8EF5C327C3C116008EBCC8 /* ReaderPage.swift */; };
		9B8EF5C727C3C152008EBCC8 /* DocumentPicker.swift in Sources */ = {isa = PBXBuildFile; fileRef = 9B8EF5C627C3C152008EBCC8 /* DocumentPicker.swift */; };
		9B8EF5C827C3C152008EBCC8 /* DocumentPicker.swift in Sources */ = {isa = PBXBuildFile; fileRef = 9B8EF5C627C3C152008EBCC8 /* DocumentPicker.swift */; };
		9BD8E43627C3B9DE00D20733 /* Tests_iOS.swift in Sources */ = {isa = PBXBuildFile; fileRef = 9BD8E43527C3B9DE00D20733 /* Tests_iOS.swift */; };
		9BD8E43827C3B9DE00D20733 /* Tests_iOSLaunchTests.swift in Sources */ = {isa = PBXBuildFile; fileRef = 9BD8E43727C3B9DE00D20733 /* Tests_iOSLaunchTests.swift */; };
		9BD8E44227C3B9DE00D20733 /* Tests_macOS.swift in Sources */ = {isa = PBXBuildFile; fileRef = 9BD8E44127C3B9DE00D20733 /* Tests_macOS.swift */; };
		9BD8E44427C3B9DE00D20733 /* Tests_macOSLaunchTests.swift in Sources */ = {isa = PBXBuildFile; fileRef = 9BD8E44327C3B9DE00D20733 /* Tests_macOSLaunchTests.swift */; };
		9BD8E44527C3B9DE00D20733 /* AISVisualizerApp.swift in Sources */ = {isa = PBXBuildFile; fileRef = 9BD8E41D27C3B9DD00D20733 /* AISVisualizerApp.swift */; };
		9BD8E44627C3B9DE00D20733 /* AISVisualizerApp.swift in Sources */ = {isa = PBXBuildFile; fileRef = 9BD8E41D27C3B9DD00D20733 /* AISVisualizerApp.swift */; };
		9BD8E44927C3B9DE00D20733 /* Assets.xcassets in Resources */ = {isa = PBXBuildFile; fileRef = 9BD8E41F27C3B9DE00D20733 /* Assets.xcassets */; };
		9BD8E44A27C3B9DE00D20733 /* Assets.xcassets in Resources */ = {isa = PBXBuildFile; fileRef = 9BD8E41F27C3B9DE00D20733 /* Assets.xcassets */; };
		9BD8E46327C3BA8D00D20733 /* Constants.swift in Sources */ = {isa = PBXBuildFile; fileRef = 9BD8E45B27C3BA8D00D20733 /* Constants.swift */; };
		9BD8E46427C3BA8D00D20733 /* Constants.swift in Sources */ = {isa = PBXBuildFile; fileRef = 9BD8E45B27C3BA8D00D20733 /* Constants.swift */; };
		9BD8E47027C3BA9900D20733 /* AISDate.swift in Sources */ = {isa = PBXBuildFile; fileRef = 9BD8E46B27C3BA9900D20733 /* AISDate.swift */; };
		9BD8E47127C3BA9900D20733 /* AISDate.swift in Sources */ = {isa = PBXBuildFile; fileRef = 9BD8E46B27C3BA9900D20733 /* AISDate.swift */; };
		9BD8E47227C3BA9900D20733 /* AISRow.swift in Sources */ = {isa = PBXBuildFile; fileRef = 9BD8E46C27C3BA9900D20733 /* AISRow.swift */; };
		9BD8E47327C3BA9900D20733 /* AISRow.swift in Sources */ = {isa = PBXBuildFile; fileRef = 9BD8E46C27C3BA9900D20733 /* AISRow.swift */; };
		9BD8E47427C3BA9900D20733 /* AISPosition.swift in Sources */ = {isa = PBXBuildFile; fileRef = 9BD8E46D27C3BA9900D20733 /* AISPosition.swift */; };
		9BD8E47527C3BA9900D20733 /* AISPosition.swift in Sources */ = {isa = PBXBuildFile; fileRef = 9BD8E46D27C3BA9900D20733 /* AISPosition.swift */; };
		9BD8E47627C3BA9900D20733 /* AISShip.swift in Sources */ = {isa = PBXBuildFile; fileRef = 9BD8E46E27C3BA9900D20733 /* AISShip.swift */; };
		9BD8E47727C3BA9900D20733 /* AISShip.swift in Sources */ = {isa = PBXBuildFile; fileRef = 9BD8E46E27C3BA9900D20733 /* AISShip.swift */; };
		9BD8E47827C3BA9900D20733 /* AISDateRange.swift in Sources */ = {isa = PBXBuildFile; fileRef = 9BD8E46F27C3BA9900D20733 /* AISDateRange.swift */; };
		9BD8E47927C3BA9900D20733 /* AISDateRange.swift in Sources */ = {isa = PBXBuildFile; fileRef = 9BD8E46F27C3BA9900D20733 /* AISDateRange.swift */; };
		9BD8E47E27C3BB4200D20733 /* ShipPath.swift in Sources */ = {isa = PBXBuildFile; fileRef = 9BD8E47D27C3BB4200D20733 /* ShipPath.swift */; };
		9BD8E47F27C3BB4200D20733 /* ShipPath.swift in Sources */ = {isa = PBXBuildFile; fileRef = 9BD8E47D27C3BB4200D20733 /* ShipPath.swift */; };
		9BD8E48727C3BBBC00D20733 /* MapView.swift in Sources */ = {isa = PBXBuildFile; fileRef = 9BD8E48227C3BBBB00D20733 /* MapView.swift */; };
		9BD8E48827C3BBBC00D20733 /* MapView.swift in Sources */ = {isa = PBXBuildFile; fileRef = 9BD8E48227C3BBBB00D20733 /* MapView.swift */; };
		9BE081B82811D9000000E050 /* ReaderModel.swift in Sources */ = {isa = PBXBuildFile; fileRef = 9BE081B72811D9000000E050 /* ReaderModel.swift */; };
		9BE081B92811D9000000E050 /* ReaderModel.swift in Sources */ = {isa = PBXBuildFile; fileRef = 9BE081B72811D9000000E050 /* ReaderModel.swift */; };
		9BE081BB2811D9660000E050 /* NewPathPopover.swift in Sources */ = {isa = PBXBuildFile; fileRef = 9BE081BA2811D9660000E050 /* NewPathPopover.swift */; };
		9BE081BC2811D9660000E050 /* NewPathPopover.swift in Sources */ = {isa = PBXBuildFile; fileRef = 9BE081BA2811D9660000E050 /* NewPathPopover.swift */; };
		9BE081BF2811DB0D0000E050 /* Optional.swift in Sources */ = {isa = PBXBuildFile; fileRef = 9BE081BE2811DB0D0000E050 /* Optional.swift */; };
		9BE081C02811DB0D0000E050 /* Optional.swift in Sources */ = {isa = PBXBuildFile; fileRef = 9BE081BE2811DB0D0000E050 /* Optional.swift */; };
		9BE081C22811DC200000E050 /* Array.swift in Sources */ = {isa = PBXBuildFile; fileRef = 9BE081C12811DC200000E050 /* Array.swift */; };
		9BE081C32811DC200000E050 /* Array.swift in Sources */ = {isa = PBXBuildFile; fileRef = 9BE081C12811DC200000E050 /* Array.swift */; };
		9BE081C52811DCBC0000E050 /* ReaderOptions.swift in Sources */ = {isa = PBXBuildFile; fileRef = 9BE081C42811DCBC0000E050 /* ReaderOptions.swift */; };
		9BE081C62811DCBC0000E050 /* ReaderOptions.swift in Sources */ = {isa = PBXBuildFile; fileRef = 9BE081C42811DCBC0000E050 /* ReaderOptions.swift */; };
		9BE081C82811E4B80000E050 /* String.swift in Sources */ = {isa = PBXBuildFile; fileRef = 9BE081C72811E4B80000E050 /* String.swift */; };
		9BE081C92811E4B80000E050 /* String.swift in Sources */ = {isa = PBXBuildFile; fileRef = 9BE081C72811E4B80000E050 /* String.swift */; };
		9BE081CB2811E71C0000E050 /* ReaderOptionsPopover.swift in Sources */ = {isa = PBXBuildFile; fileRef = 9BE081CA2811E71C0000E050 /* ReaderOptionsPopover.swift */; };
		9BE081CC2811E71C0000E050 /* ReaderOptionsPopover.swift in Sources */ = {isa = PBXBuildFile; fileRef = 9BE081CA2811E71C0000E050 /* ReaderOptionsPopover.swift */; };
		9BE081CE2811F74E0000E050 /* NewGridPopover.swift in Sources */ = {isa = PBXBuildFile; fileRef = 9BE081CD2811F74E0000E050 /* NewGridPopover.swift */; };
		9BE081CF2811F74E0000E050 /* NewGridPopover.swift in Sources */ = {isa = PBXBuildFile; fileRef = 9BE081CD2811F74E0000E050 /* NewGridPopover.swift */; };
/* End PBXBuildFile section */

/* Begin PBXContainerItemProxy section */
		9BD8E43227C3B9DE00D20733 /* PBXContainerItemProxy */ = {
			isa = PBXContainerItemProxy;
			containerPortal = 9BD8E41827C3B9DD00D20733 /* Project object */;
			proxyType = 1;
			remoteGlobalIDString = 9BD8E42327C3B9DE00D20733;
			remoteInfo = "AISVisualizer (iOS)";
		};
		9BD8E43E27C3B9DE00D20733 /* PBXContainerItemProxy */ = {
			isa = PBXContainerItemProxy;
			containerPortal = 9BD8E41827C3B9DD00D20733 /* Project object */;
			proxyType = 1;
			remoteGlobalIDString = 9BD8E42927C3B9DE00D20733;
			remoteInfo = "AISVisualizer (macOS)";
		};
/* End PBXContainerItemProxy section */

/* Begin PBXFileReference section */
		9B277F092812227C0092D3B0 /* MapTypePicker.swift */ = {isa = PBXFileReference; lastKnownFileType = sourcecode.swift; path = MapTypePicker.swift; sourceTree = "<group>"; };
		9B277F0C281223280092D3B0 /* MapGrid.swift */ = {isa = PBXFileReference; lastKnownFileType = sourcecode.swift; path = MapGrid.swift; sourceTree = "<group>"; };
		9B277F0F281227000092D3B0 /* NumberField.swift */ = {isa = PBXFileReference; lastKnownFileType = sourcecode.swift; path = NumberField.swift; sourceTree = "<group>"; };
		9B277F1228122DC20092D3B0 /* MKCoordinateRegion.swift */ = {isa = PBXFileReference; lastKnownFileType = sourcecode.swift; path = MKCoordinateRegion.swift; sourceTree = "<group>"; };
		9B277F1528122F4D0092D3B0 /* Range.swift */ = {isa = PBXFileReference; lastKnownFileType = sourcecode.swift; path = Range.swift; sourceTree = "<group>"; };
		9B6DDE4F27C40DF300B1B883 /* VisualizationPage.swift */ = {isa = PBXFileReference; lastKnownFileType = sourcecode.swift; path = VisualizationPage.swift; sourceTree = "<group>"; };
		9B7EBC8E27C3BCA5005DD366 /* Position.swift */ = {isa = PBXFileReference; lastKnownFileType = sourcecode.swift; path = Position.swift; sourceTree = "<group>"; };
		9B7EBC9027C3BCA5005DD366 /* Map.swift */ = {isa = PBXFileReference; lastKnownFileType = sourcecode.swift; path = Map.swift; sourceTree = "<group>"; };
		9B7EBC9127C3BCA5005DD366 /* Ship.swift */ = {isa = PBXFileReference; lastKnownFileType = sourcecode.swift; path = Ship.swift; sourceTree = "<group>"; };
		9B7EBC9227C3BCA5005DD366 /* Coordinate.swift */ = {isa = PBXFileReference; lastKnownFileType = sourcecode.swift; path = Coordinate.swift; sourceTree = "<group>"; };
		9B8EF5C327C3C116008EBCC8 /* ReaderPage.swift */ = {isa = PBXFileReference; lastKnownFileType = sourcecode.swift; path = ReaderPage.swift; sourceTree = "<group>"; };
		9B8EF5C627C3C152008EBCC8 /* DocumentPicker.swift */ = {isa = PBXFileReference; lastKnownFileType = sourcecode.swift; path = DocumentPicker.swift; sourceTree = "<group>"; };
		9BD8E41D27C3B9DD00D20733 /* AISVisualizerApp.swift */ = {isa = PBXFileReference; lastKnownFileType = sourcecode.swift; path = AISVisualizerApp.swift; sourceTree = "<group>"; };
		9BD8E41F27C3B9DE00D20733 /* Assets.xcassets */ = {isa = PBXFileReference; lastKnownFileType = folder.assetcatalog; path = Assets.xcassets; sourceTree = "<group>"; };
		9BD8E42427C3B9DE00D20733 /* AISVisualizer.app */ = {isa = PBXFileReference; explicitFileType = wrapper.application; includeInIndex = 0; path = AISVisualizer.app; sourceTree = BUILT_PRODUCTS_DIR; };
		9BD8E42A27C3B9DE00D20733 /* AISVisualizer.app */ = {isa = PBXFileReference; explicitFileType = wrapper.application; includeInIndex = 0; path = AISVisualizer.app; sourceTree = BUILT_PRODUCTS_DIR; };
		9BD8E42C27C3B9DE00D20733 /* macOS.entitlements */ = {isa = PBXFileReference; lastKnownFileType = text.plist.entitlements; path = macOS.entitlements; sourceTree = "<group>"; };
		9BD8E43127C3B9DE00D20733 /* Tests iOS.xctest */ = {isa = PBXFileReference; explicitFileType = wrapper.cfbundle; includeInIndex = 0; path = "Tests iOS.xctest"; sourceTree = BUILT_PRODUCTS_DIR; };
		9BD8E43527C3B9DE00D20733 /* Tests_iOS.swift */ = {isa = PBXFileReference; lastKnownFileType = sourcecode.swift; path = Tests_iOS.swift; sourceTree = "<group>"; };
		9BD8E43727C3B9DE00D20733 /* Tests_iOSLaunchTests.swift */ = {isa = PBXFileReference; lastKnownFileType = sourcecode.swift; path = Tests_iOSLaunchTests.swift; sourceTree = "<group>"; };
		9BD8E43D27C3B9DE00D20733 /* Tests macOS.xctest */ = {isa = PBXFileReference; explicitFileType = wrapper.cfbundle; includeInIndex = 0; path = "Tests macOS.xctest"; sourceTree = BUILT_PRODUCTS_DIR; };
		9BD8E44127C3B9DE00D20733 /* Tests_macOS.swift */ = {isa = PBXFileReference; lastKnownFileType = sourcecode.swift; path = Tests_macOS.swift; sourceTree = "<group>"; };
		9BD8E44327C3B9DE00D20733 /* Tests_macOSLaunchTests.swift */ = {isa = PBXFileReference; lastKnownFileType = sourcecode.swift; path = Tests_macOSLaunchTests.swift; sourceTree = "<group>"; };
		9BD8E45B27C3BA8D00D20733 /* Constants.swift */ = {isa = PBXFileReference; fileEncoding = 4; lastKnownFileType = sourcecode.swift; path = Constants.swift; sourceTree = "<group>"; };
		9BD8E46B27C3BA9900D20733 /* AISDate.swift */ = {isa = PBXFileReference; fileEncoding = 4; lastKnownFileType = sourcecode.swift; path = AISDate.swift; sourceTree = "<group>"; };
		9BD8E46C27C3BA9900D20733 /* AISRow.swift */ = {isa = PBXFileReference; fileEncoding = 4; lastKnownFileType = sourcecode.swift; path = AISRow.swift; sourceTree = "<group>"; };
		9BD8E46D27C3BA9900D20733 /* AISPosition.swift */ = {isa = PBXFileReference; fileEncoding = 4; lastKnownFileType = sourcecode.swift; path = AISPosition.swift; sourceTree = "<group>"; };
		9BD8E46E27C3BA9900D20733 /* AISShip.swift */ = {isa = PBXFileReference; fileEncoding = 4; lastKnownFileType = sourcecode.swift; path = AISShip.swift; sourceTree = "<group>"; };
		9BD8E46F27C3BA9900D20733 /* AISDateRange.swift */ = {isa = PBXFileReference; fileEncoding = 4; lastKnownFileType = sourcecode.swift; path = AISDateRange.swift; sourceTree = "<group>"; };
		9BD8E47D27C3BB4200D20733 /* ShipPath.swift */ = {isa = PBXFileReference; lastKnownFileType = sourcecode.swift; path = ShipPath.swift; sourceTree = "<group>"; };
		9BD8E48227C3BBBB00D20733 /* MapView.swift */ = {isa = PBXFileReference; fileEncoding = 4; lastKnownFileType = sourcecode.swift; path = MapView.swift; sourceTree = "<group>"; };
		9BE081B72811D9000000E050 /* ReaderModel.swift */ = {isa = PBXFileReference; lastKnownFileType = sourcecode.swift; path = ReaderModel.swift; sourceTree = "<group>"; };
		9BE081BA2811D9660000E050 /* NewPathPopover.swift */ = {isa = PBXFileReference; lastKnownFileType = sourcecode.swift; path = NewPathPopover.swift; sourceTree = "<group>"; };
		9BE081BE2811DB0D0000E050 /* Optional.swift */ = {isa = PBXFileReference; lastKnownFileType = sourcecode.swift; path = Optional.swift; sourceTree = "<group>"; };
		9BE081C12811DC200000E050 /* Array.swift */ = {isa = PBXFileReference; lastKnownFileType = sourcecode.swift; path = Array.swift; sourceTree = "<group>"; };
		9BE081C42811DCBC0000E050 /* ReaderOptions.swift */ = {isa = PBXFileReference; lastKnownFileType = sourcecode.swift; path = ReaderOptions.swift; sourceTree = "<group>"; };
		9BE081C72811E4B80000E050 /* String.swift */ = {isa = PBXFileReference; lastKnownFileType = sourcecode.swift; path = String.swift; sourceTree = "<group>"; };
		9BE081CA2811E71C0000E050 /* ReaderOptionsPopover.swift */ = {isa = PBXFileReference; lastKnownFileType = sourcecode.swift; path = ReaderOptionsPopover.swift; sourceTree = "<group>"; };
		9BE081CD2811F74E0000E050 /* NewGridPopover.swift */ = {isa = PBXFileReference; lastKnownFileType = sourcecode.swift; path = NewGridPopover.swift; sourceTree = "<group>"; };
/* End PBXFileReference section */

/* Begin PBXFrameworksBuildPhase section */
		9BD8E42127C3B9DE00D20733 /* Frameworks */ = {
			isa = PBXFrameworksBuildPhase;
			buildActionMask = 2147483647;
			files = (
			);
			runOnlyForDeploymentPostprocessing = 0;
		};
		9BD8E42727C3B9DE00D20733 /* Frameworks */ = {
			isa = PBXFrameworksBuildPhase;
			buildActionMask = 2147483647;
			files = (
			);
			runOnlyForDeploymentPostprocessing = 0;
		};
		9BD8E42E27C3B9DE00D20733 /* Frameworks */ = {
			isa = PBXFrameworksBuildPhase;
			buildActionMask = 2147483647;
			files = (
			);
			runOnlyForDeploymentPostprocessing = 0;
		};
		9BD8E43A27C3B9DE00D20733 /* Frameworks */ = {
			isa = PBXFrameworksBuildPhase;
			buildActionMask = 2147483647;
			files = (
			);
			runOnlyForDeploymentPostprocessing = 0;
		};
/* End PBXFrameworksBuildPhase section */

/* Begin PBXGroup section */
		9B8EF5C227C3BEF9008EBCC8 /* Model */ = {
			isa = PBXGroup;
			children = (
				9BE081C42811DCBC0000E050 /* ReaderOptions.swift */,
				9BD8E47D27C3BB4200D20733 /* ShipPath.swift */,
				9B7EBC9227C3BCA5005DD366 /* Coordinate.swift */,
				9B7EBC9027C3BCA5005DD366 /* Map.swift */,
				9B7EBC8E27C3BCA5005DD366 /* Position.swift */,
				9B7EBC9127C3BCA5005DD366 /* Ship.swift */,
				9B277F0C281223280092D3B0 /* MapGrid.swift */,
			);
			path = Model;
			sourceTree = "<group>";
		};
		9BD8E41727C3B9DD00D20733 = {
			isa = PBXGroup;
			children = (
				9BD8E41C27C3B9DD00D20733 /* Shared */,
				9BD8E42B27C3B9DE00D20733 /* macOS */,
				9BD8E43427C3B9DE00D20733 /* Tests iOS */,
				9BD8E44027C3B9DE00D20733 /* Tests macOS */,
				9BD8E42527C3B9DE00D20733 /* Products */,
			);
			sourceTree = "<group>";
		};
		9BD8E41C27C3B9DD00D20733 /* Shared */ = {
			isa = PBXGroup;
			children = (
				9BD8E41D27C3B9DD00D20733 /* AISVisualizerApp.swift */,
				9BD8E45B27C3BA8D00D20733 /* Constants.swift */,
				9B8EF5C227C3BEF9008EBCC8 /* Model */,
				9BD8E48D27C3BBC100D20733 /* View */,
				9BD8E48027C3BBA400D20733 /* AIS */,
				9BE081BD2811DAFC0000E050 /* Extensions */,
				9BD8E41F27C3B9DE00D20733 /* Assets.xcassets */,
			);
			path = Shared;
			sourceTree = "<group>";
		};
		9BD8E42527C3B9DE00D20733 /* Products */ = {
			isa = PBXGroup;
			children = (
				9BD8E42427C3B9DE00D20733 /* AISVisualizer.app */,
				9BD8E42A27C3B9DE00D20733 /* AISVisualizer.app */,
				9BD8E43127C3B9DE00D20733 /* Tests iOS.xctest */,
				9BD8E43D27C3B9DE00D20733 /* Tests macOS.xctest */,
			);
			name = Products;
			sourceTree = "<group>";
		};
		9BD8E42B27C3B9DE00D20733 /* macOS */ = {
			isa = PBXGroup;
			children = (
				9BD8E42C27C3B9DE00D20733 /* macOS.entitlements */,
			);
			path = macOS;
			sourceTree = "<group>";
		};
		9BD8E43427C3B9DE00D20733 /* Tests iOS */ = {
			isa = PBXGroup;
			children = (
				9BD8E43527C3B9DE00D20733 /* Tests_iOS.swift */,
				9BD8E43727C3B9DE00D20733 /* Tests_iOSLaunchTests.swift */,
			);
			path = "Tests iOS";
			sourceTree = "<group>";
		};
		9BD8E44027C3B9DE00D20733 /* Tests macOS */ = {
			isa = PBXGroup;
			children = (
				9BD8E44127C3B9DE00D20733 /* Tests_macOS.swift */,
				9BD8E44327C3B9DE00D20733 /* Tests_macOSLaunchTests.swift */,
			);
			path = "Tests macOS";
			sourceTree = "<group>";
		};
		9BD8E48027C3BBA400D20733 /* AIS */ = {
			isa = PBXGroup;
			children = (
				9BD8E46B27C3BA9900D20733 /* AISDate.swift */,
				9BD8E46F27C3BA9900D20733 /* AISDateRange.swift */,
				9BD8E46D27C3BA9900D20733 /* AISPosition.swift */,
				9BD8E46C27C3BA9900D20733 /* AISRow.swift */,
				9BD8E46E27C3BA9900D20733 /* AISShip.swift */,
			);
			path = AIS;
			sourceTree = "<group>";
		};
		9BD8E48D27C3BBC100D20733 /* View */ = {
			isa = PBXGroup;
			children = (
				9B8EF5C327C3C116008EBCC8 /* ReaderPage.swift */,
				9BE081CA2811E71C0000E050 /* ReaderOptionsPopover.swift */,
				9BE081B72811D9000000E050 /* ReaderModel.swift */,
				9B8EF5C627C3C152008EBCC8 /* DocumentPicker.swift */,
				9B6DDE4F27C40DF300B1B883 /* VisualizationPage.swift */,
				9BE081BA2811D9660000E050 /* NewPathPopover.swift */,
				9BE081CD2811F74E0000E050 /* NewGridPopover.swift */,
				9BD8E48227C3BBBB00D20733 /* MapView.swift */,
				9B277F092812227C0092D3B0 /* MapTypePicker.swift */,
				9B277F0F281227000092D3B0 /* NumberField.swift */,
			);
			path = View;
			sourceTree = "<group>";
		};
		9BE081BD2811DAFC0000E050 /* Extensions */ = {
			isa = PBXGroup;
			children = (
				9BE081C12811DC200000E050 /* Array.swift */,
				9BE081BE2811DB0D0000E050 /* Optional.swift */,
				9BE081C72811E4B80000E050 /* String.swift */,
				9B277F1228122DC20092D3B0 /* MKCoordinateRegion.swift */,
				9B277F1528122F4D0092D3B0 /* Range.swift */,
			);
			path = Extensions;
			sourceTree = "<group>";
		};
/* End PBXGroup section */

/* Begin PBXNativeTarget section */
		9BD8E42327C3B9DE00D20733 /* AISVisualizer (iOS) */ = {
			isa = PBXNativeTarget;
			buildConfigurationList = 9BD8E44D27C3B9DE00D20733 /* Build configuration list for PBXNativeTarget "AISVisualizer (iOS)" */;
			buildPhases = (
				9BD8E42027C3B9DE00D20733 /* Sources */,
				9BD8E42127C3B9DE00D20733 /* Frameworks */,
				9BD8E42227C3B9DE00D20733 /* Resources */,
			);
			buildRules = (
			);
			dependencies = (
			);
			name = "AISVisualizer (iOS)";
			productName = "AISVisualizer (iOS)";
			productReference = 9BD8E42427C3B9DE00D20733 /* AISVisualizer.app */;
			productType = "com.apple.product-type.application";
		};
		9BD8E42927C3B9DE00D20733 /* AISVisualizer (macOS) */ = {
			isa = PBXNativeTarget;
			buildConfigurationList = 9BD8E45027C3B9DE00D20733 /* Build configuration list for PBXNativeTarget "AISVisualizer (macOS)" */;
			buildPhases = (
				9BD8E42627C3B9DE00D20733 /* Sources */,
				9BD8E42727C3B9DE00D20733 /* Frameworks */,
				9BD8E42827C3B9DE00D20733 /* Resources */,
			);
			buildRules = (
			);
			dependencies = (
			);
			name = "AISVisualizer (macOS)";
			productName = "AISVisualizer (macOS)";
			productReference = 9BD8E42A27C3B9DE00D20733 /* AISVisualizer.app */;
			productType = "com.apple.product-type.application";
		};
		9BD8E43027C3B9DE00D20733 /* Tests iOS */ = {
			isa = PBXNativeTarget;
			buildConfigurationList = 9BD8E45327C3B9DE00D20733 /* Build configuration list for PBXNativeTarget "Tests iOS" */;
			buildPhases = (
				9BD8E42D27C3B9DE00D20733 /* Sources */,
				9BD8E42E27C3B9DE00D20733 /* Frameworks */,
				9BD8E42F27C3B9DE00D20733 /* Resources */,
			);
			buildRules = (
			);
			dependencies = (
				9BD8E43327C3B9DE00D20733 /* PBXTargetDependency */,
			);
			name = "Tests iOS";
			productName = "Tests iOS";
			productReference = 9BD8E43127C3B9DE00D20733 /* Tests iOS.xctest */;
			productType = "com.apple.product-type.bundle.ui-testing";
		};
		9BD8E43C27C3B9DE00D20733 /* Tests macOS */ = {
			isa = PBXNativeTarget;
			buildConfigurationList = 9BD8E45627C3B9DE00D20733 /* Build configuration list for PBXNativeTarget "Tests macOS" */;
			buildPhases = (
				9BD8E43927C3B9DE00D20733 /* Sources */,
				9BD8E43A27C3B9DE00D20733 /* Frameworks */,
				9BD8E43B27C3B9DE00D20733 /* Resources */,
			);
			buildRules = (
			);
			dependencies = (
				9BD8E43F27C3B9DE00D20733 /* PBXTargetDependency */,
			);
			name = "Tests macOS";
			productName = "Tests macOS";
			productReference = 9BD8E43D27C3B9DE00D20733 /* Tests macOS.xctest */;
			productType = "com.apple.product-type.bundle.ui-testing";
		};
/* End PBXNativeTarget section */

/* Begin PBXProject section */
		9BD8E41827C3B9DD00D20733 /* Project object */ = {
			isa = PBXProject;
			attributes = {
				BuildIndependentTargetsInParallel = 1;
				LastSwiftUpdateCheck = 1320;
				LastUpgradeCheck = 1330;
				TargetAttributes = {
					9BD8E42327C3B9DE00D20733 = {
						CreatedOnToolsVersion = 13.2.1;
					};
					9BD8E42927C3B9DE00D20733 = {
						CreatedOnToolsVersion = 13.2.1;
					};
					9BD8E43027C3B9DE00D20733 = {
						CreatedOnToolsVersion = 13.2.1;
						TestTargetID = 9BD8E42327C3B9DE00D20733;
					};
					9BD8E43C27C3B9DE00D20733 = {
						CreatedOnToolsVersion = 13.2.1;
						TestTargetID = 9BD8E42927C3B9DE00D20733;
					};
				};
			};
			buildConfigurationList = 9BD8E41B27C3B9DD00D20733 /* Build configuration list for PBXProject "AISVisualizer" */;
			compatibilityVersion = "Xcode 13.0";
			developmentRegion = en;
			hasScannedForEncodings = 0;
			knownRegions = (
				en,
				Base,
			);
			mainGroup = 9BD8E41727C3B9DD00D20733;
			productRefGroup = 9BD8E42527C3B9DE00D20733 /* Products */;
			projectDirPath = "";
			projectRoot = "";
			targets = (
				9BD8E42327C3B9DE00D20733 /* AISVisualizer (iOS) */,
				9BD8E42927C3B9DE00D20733 /* AISVisualizer (macOS) */,
				9BD8E43027C3B9DE00D20733 /* Tests iOS */,
				9BD8E43C27C3B9DE00D20733 /* Tests macOS */,
			);
		};
/* End PBXProject section */

/* Begin PBXResourcesBuildPhase section */
		9BD8E42227C3B9DE00D20733 /* Resources */ = {
			isa = PBXResourcesBuildPhase;
			buildActionMask = 2147483647;
			files = (
				9BD8E44927C3B9DE00D20733 /* Assets.xcassets in Resources */,
			);
			runOnlyForDeploymentPostprocessing = 0;
		};
		9BD8E42827C3B9DE00D20733 /* Resources */ = {
			isa = PBXResourcesBuildPhase;
			buildActionMask = 2147483647;
			files = (
				9BD8E44A27C3B9DE00D20733 /* Assets.xcassets in Resources */,
			);
			runOnlyForDeploymentPostprocessing = 0;
		};
		9BD8E42F27C3B9DE00D20733 /* Resources */ = {
			isa = PBXResourcesBuildPhase;
			buildActionMask = 2147483647;
			files = (
			);
			runOnlyForDeploymentPostprocessing = 0;
		};
		9BD8E43B27C3B9DE00D20733 /* Resources */ = {
			isa = PBXResourcesBuildPhase;
			buildActionMask = 2147483647;
			files = (
			);
			runOnlyForDeploymentPostprocessing = 0;
		};
/* End PBXResourcesBuildPhase section */

/* Begin PBXSourcesBuildPhase section */
		9BD8E42027C3B9DE00D20733 /* Sources */ = {
			isa = PBXSourcesBuildPhase;
			buildActionMask = 2147483647;
			files = (
				9B6DDE5027C40DF300B1B883 /* VisualizationPage.swift in Sources */,
				9BE081C22811DC200000E050 /* Array.swift in Sources */,
				9BD8E48727C3BBBC00D20733 /* MapView.swift in Sources */,
				9BE081B82811D9000000E050 /* ReaderModel.swift in Sources */,
				9BD8E44527C3B9DE00D20733 /* AISVisualizerApp.swift in Sources */,
				9B7EBC9827C3BCA5005DD366 /* Map.swift in Sources */,
				9B277F0D281223280092D3B0 /* MapGrid.swift in Sources */,
				9B277F1328122DC20092D3B0 /* MKCoordinateRegion.swift in Sources */,
				9BD8E47827C3BA9900D20733 /* AISDateRange.swift in Sources */,
				9B8EF5C727C3C152008EBCC8 /* DocumentPicker.swift in Sources */,
				9BD8E47627C3BA9900D20733 /* AISShip.swift in Sources */,
				9BD8E46327C3BA8D00D20733 /* Constants.swift in Sources */,
				9B7EBC9427C3BCA5005DD366 /* Position.swift in Sources */,
				9BE081CB2811E71C0000E050 /* ReaderOptionsPopover.swift in Sources */,
				9B8EF5C427C3C116008EBCC8 /* ReaderPage.swift in Sources */,
				9BE081C82811E4B80000E050 /* String.swift in Sources */,
				9BE081CE2811F74E0000E050 /* NewGridPopover.swift in Sources */,
				9B7EBC9C27C3BCA5005DD366 /* Ship.swift in Sources */,
				9B277F1628122F4D0092D3B0 /* Range.swift in Sources */,
				9B277F10281227000092D3B0 /* NumberField.swift in Sources */,
				9BD8E47227C3BA9900D20733 /* AISRow.swift in Sources */,
				9BD8E47E27C3BB4200D20733 /* ShipPath.swift in Sources */,
				9BD8E47427C3BA9900D20733 /* AISPosition.swift in Sources */,
				9BE081BB2811D9660000E050 /* NewPathPopover.swift in Sources */,
				9BD8E47027C3BA9900D20733 /* AISDate.swift in Sources */,
				9BE081BF2811DB0D0000E050 /* Optional.swift in Sources */,
				9B7EBC9E27C3BCA5005DD366 /* Coordinate.swift in Sources */,
				9BE081C52811DCBC0000E050 /* ReaderOptions.swift in Sources */,
				9B277F0A2812227C0092D3B0 /* MapTypePicker.swift in Sources */,
			);
			runOnlyForDeploymentPostprocessing = 0;
		};
		9BD8E42627C3B9DE00D20733 /* Sources */ = {
			isa = PBXSourcesBuildPhase;
			buildActionMask = 2147483647;
			files = (
				9B6DDE5127C40DF300B1B883 /* VisualizationPage.swift in Sources */,
				9BE081C32811DC200000E050 /* Array.swift in Sources */,
				9BD8E48827C3BBBC00D20733 /* MapView.swift in Sources */,
				9BE081B92811D9000000E050 /* ReaderModel.swift in Sources */,
				9BD8E44627C3B9DE00D20733 /* AISVisualizerApp.swift in Sources */,
				9B7EBC9727C3BCA5005DD366 /* Map.swift in Sources */,
				9B277F0E281223280092D3B0 /* MapGrid.swift in Sources */,
				9B277F1428122DC20092D3B0 /* MKCoordinateRegion.swift in Sources */,
				9BD8E47927C3BA9900D20733 /* AISDateRange.swift in Sources */,
				9B8EF5C827C3C152008EBCC8 /* DocumentPicker.swift in Sources */,
				9BD8E47727C3BA9900D20733 /* AISShip.swift in Sources */,
				9BD8E46427C3BA8D00D20733 /* Constants.swift in Sources */,
				9B7EBC9327C3BCA5005DD366 /* Position.swift in Sources */,
				9BE081CC2811E71C0000E050 /* ReaderOptionsPopover.swift in Sources */,
				9B8EF5C527C3C116008EBCC8 /* ReaderPage.swift in Sources */,
				9BE081C92811E4B80000E050 /* String.swift in Sources */,
				9BE081CF2811F74E0000E050 /* NewGridPopover.swift in Sources */,
				9B7EBC9B27C3BCA5005DD366 /* Ship.swift in Sources */,
				9B277F1728122F4D0092D3B0 /* Range.swift in Sources */,
				9B277F11281227000092D3B0 /* NumberField.swift in Sources */,
				9BD8E47327C3BA9900D20733 /* AISRow.swift in Sources */,
				9BD8E47F27C3BB4200D20733 /* ShipPath.swift in Sources */,
				9BD8E47527C3BA9900D20733 /* AISPosition.swift in Sources */,
				9BE081BC2811D9660000E050 /* NewPathPopover.swift in Sources */,
				9BD8E47127C3BA9900D20733 /* AISDate.swift in Sources */,
				9BE081C02811DB0D0000E050 /* Optional.swift in Sources */,
				9B7EBC9D27C3BCA5005DD366 /* Coordinate.swift in Sources */,
				9BE081C62811DCBC0000E050 /* ReaderOptions.swift in Sources */,
				9B277F0B2812227C0092D3B0 /* MapTypePicker.swift in Sources */,
			);
			runOnlyForDeploymentPostprocessing = 0;
		};
		9BD8E42D27C3B9DE00D20733 /* Sources */ = {
			isa = PBXSourcesBuildPhase;
			buildActionMask = 2147483647;
			files = (
				9BD8E43827C3B9DE00D20733 /* Tests_iOSLaunchTests.swift in Sources */,
				9BD8E43627C3B9DE00D20733 /* Tests_iOS.swift in Sources */,
			);
			runOnlyForDeploymentPostprocessing = 0;
		};
		9BD8E43927C3B9DE00D20733 /* Sources */ = {
			isa = PBXSourcesBuildPhase;
			buildActionMask = 2147483647;
			files = (
				9BD8E44427C3B9DE00D20733 /* Tests_macOSLaunchTests.swift in Sources */,
				9BD8E44227C3B9DE00D20733 /* Tests_macOS.swift in Sources */,
			);
			runOnlyForDeploymentPostprocessing = 0;
		};
/* End PBXSourcesBuildPhase section */

/* Begin PBXTargetDependency section */
		9BD8E43327C3B9DE00D20733 /* PBXTargetDependency */ = {
			isa = PBXTargetDependency;
			target = 9BD8E42327C3B9DE00D20733 /* AISVisualizer (iOS) */;
			targetProxy = 9BD8E43227C3B9DE00D20733 /* PBXContainerItemProxy */;
		};
		9BD8E43F27C3B9DE00D20733 /* PBXTargetDependency */ = {
			isa = PBXTargetDependency;
			target = 9BD8E42927C3B9DE00D20733 /* AISVisualizer (macOS) */;
			targetProxy = 9BD8E43E27C3B9DE00D20733 /* PBXContainerItemProxy */;
		};
/* End PBXTargetDependency section */

/* Begin XCBuildConfiguration section */
		9BD8E44B27C3B9DE00D20733 /* Debug */ = {
			isa = XCBuildConfiguration;
			buildSettings = {
				ALWAYS_SEARCH_USER_PATHS = NO;
				CLANG_ANALYZER_NONNULL = YES;
				CLANG_ANALYZER_NUMBER_OBJECT_CONVERSION = YES_AGGRESSIVE;
				CLANG_CXX_LANGUAGE_STANDARD = "gnu++17";
				CLANG_CXX_LIBRARY = "libc++";
				CLANG_ENABLE_MODULES = YES;
				CLANG_ENABLE_OBJC_ARC = YES;
				CLANG_ENABLE_OBJC_WEAK = YES;
				CLANG_WARN_BLOCK_CAPTURE_AUTORELEASING = YES;
				CLANG_WARN_BOOL_CONVERSION = YES;
				CLANG_WARN_COMMA = YES;
				CLANG_WARN_CONSTANT_CONVERSION = YES;
				CLANG_WARN_DEPRECATED_OBJC_IMPLEMENTATIONS = YES;
				CLANG_WARN_DIRECT_OBJC_ISA_USAGE = YES_ERROR;
				CLANG_WARN_DOCUMENTATION_COMMENTS = YES;
				CLANG_WARN_EMPTY_BODY = YES;
				CLANG_WARN_ENUM_CONVERSION = YES;
				CLANG_WARN_INFINITE_RECURSION = YES;
				CLANG_WARN_INT_CONVERSION = YES;
				CLANG_WARN_NON_LITERAL_NULL_CONVERSION = YES;
				CLANG_WARN_OBJC_IMPLICIT_RETAIN_SELF = YES;
				CLANG_WARN_OBJC_LITERAL_CONVERSION = YES;
				CLANG_WARN_OBJC_ROOT_CLASS = YES_ERROR;
				CLANG_WARN_QUOTED_INCLUDE_IN_FRAMEWORK_HEADER = YES;
				CLANG_WARN_RANGE_LOOP_ANALYSIS = YES;
				CLANG_WARN_STRICT_PROTOTYPES = YES;
				CLANG_WARN_SUSPICIOUS_MOVE = YES;
				CLANG_WARN_UNGUARDED_AVAILABILITY = YES_AGGRESSIVE;
				CLANG_WARN_UNREACHABLE_CODE = YES;
				CLANG_WARN__DUPLICATE_METHOD_MATCH = YES;
				COPY_PHASE_STRIP = NO;
				DEBUG_INFORMATION_FORMAT = dwarf;
				ENABLE_STRICT_OBJC_MSGSEND = YES;
				ENABLE_TESTABILITY = YES;
				GCC_C_LANGUAGE_STANDARD = gnu11;
				GCC_DYNAMIC_NO_PIC = NO;
				GCC_NO_COMMON_BLOCKS = YES;
				GCC_OPTIMIZATION_LEVEL = 0;
				GCC_PREPROCESSOR_DEFINITIONS = (
					"DEBUG=1",
					"$(inherited)",
				);
				GCC_WARN_64_TO_32_BIT_CONVERSION = YES;
				GCC_WARN_ABOUT_RETURN_TYPE = YES_ERROR;
				GCC_WARN_UNDECLARED_SELECTOR = YES;
				GCC_WARN_UNINITIALIZED_AUTOS = YES_AGGRESSIVE;
				GCC_WARN_UNUSED_FUNCTION = YES;
				GCC_WARN_UNUSED_VARIABLE = YES;
				MTL_ENABLE_DEBUG_INFO = INCLUDE_SOURCE;
				MTL_FAST_MATH = YES;
				ONLY_ACTIVE_ARCH = YES;
				SWIFT_ACTIVE_COMPILATION_CONDITIONS = DEBUG;
				SWIFT_OPTIMIZATION_LEVEL = "-Onone";
			};
			name = Debug;
		};
		9BD8E44C27C3B9DE00D20733 /* Release */ = {
			isa = XCBuildConfiguration;
			buildSettings = {
				ALWAYS_SEARCH_USER_PATHS = NO;
				CLANG_ANALYZER_NONNULL = YES;
				CLANG_ANALYZER_NUMBER_OBJECT_CONVERSION = YES_AGGRESSIVE;
				CLANG_CXX_LANGUAGE_STANDARD = "gnu++17";
				CLANG_CXX_LIBRARY = "libc++";
				CLANG_ENABLE_MODULES = YES;
				CLANG_ENABLE_OBJC_ARC = YES;
				CLANG_ENABLE_OBJC_WEAK = YES;
				CLANG_WARN_BLOCK_CAPTURE_AUTORELEASING = YES;
				CLANG_WARN_BOOL_CONVERSION = YES;
				CLANG_WARN_COMMA = YES;
				CLANG_WARN_CONSTANT_CONVERSION = YES;
				CLANG_WARN_DEPRECATED_OBJC_IMPLEMENTATIONS = YES;
				CLANG_WARN_DIRECT_OBJC_ISA_USAGE = YES_ERROR;
				CLANG_WARN_DOCUMENTATION_COMMENTS = YES;
				CLANG_WARN_EMPTY_BODY = YES;
				CLANG_WARN_ENUM_CONVERSION = YES;
				CLANG_WARN_INFINITE_RECURSION = YES;
				CLANG_WARN_INT_CONVERSION = YES;
				CLANG_WARN_NON_LITERAL_NULL_CONVERSION = YES;
				CLANG_WARN_OBJC_IMPLICIT_RETAIN_SELF = YES;
				CLANG_WARN_OBJC_LITERAL_CONVERSION = YES;
				CLANG_WARN_OBJC_ROOT_CLASS = YES_ERROR;
				CLANG_WARN_QUOTED_INCLUDE_IN_FRAMEWORK_HEADER = YES;
				CLANG_WARN_RANGE_LOOP_ANALYSIS = YES;
				CLANG_WARN_STRICT_PROTOTYPES = YES;
				CLANG_WARN_SUSPICIOUS_MOVE = YES;
				CLANG_WARN_UNGUARDED_AVAILABILITY = YES_AGGRESSIVE;
				CLANG_WARN_UNREACHABLE_CODE = YES;
				CLANG_WARN__DUPLICATE_METHOD_MATCH = YES;
				COPY_PHASE_STRIP = NO;
				DEBUG_INFORMATION_FORMAT = "dwarf-with-dsym";
				ENABLE_NS_ASSERTIONS = NO;
				ENABLE_STRICT_OBJC_MSGSEND = YES;
				GCC_C_LANGUAGE_STANDARD = gnu11;
				GCC_NO_COMMON_BLOCKS = YES;
				GCC_WARN_64_TO_32_BIT_CONVERSION = YES;
				GCC_WARN_ABOUT_RETURN_TYPE = YES_ERROR;
				GCC_WARN_UNDECLARED_SELECTOR = YES;
				GCC_WARN_UNINITIALIZED_AUTOS = YES_AGGRESSIVE;
				GCC_WARN_UNUSED_FUNCTION = YES;
				GCC_WARN_UNUSED_VARIABLE = YES;
				MTL_ENABLE_DEBUG_INFO = NO;
				MTL_FAST_MATH = YES;
				SWIFT_COMPILATION_MODE = wholemodule;
				SWIFT_OPTIMIZATION_LEVEL = "-O";
			};
			name = Release;
		};
		9BD8E44E27C3B9DE00D20733 /* Debug */ = {
			isa = XCBuildConfiguration;
			buildSettings = {
				ASSETCATALOG_COMPILER_APPICON_NAME = AppIcon;
				ASSETCATALOG_COMPILER_GLOBAL_ACCENT_COLOR_NAME = AccentColor;
				CODE_SIGN_STYLE = Automatic;
				CURRENT_PROJECT_VERSION = 1;
				DEVELOPMENT_TEAM = TJSHMGE2VX;
				ENABLE_PREVIEWS = YES;
				GENERATE_INFOPLIST_FILE = YES;
				INFOPLIST_KEY_CFBundleDisplayName = "AIS Visualizer";
				INFOPLIST_KEY_UIApplicationSceneManifest_Generation = YES;
				INFOPLIST_KEY_UIApplicationSupportsIndirectInputEvents = YES;
				INFOPLIST_KEY_UILaunchScreen_Generation = YES;
				INFOPLIST_KEY_UISupportedInterfaceOrientations_iPad = "UIInterfaceOrientationPortrait UIInterfaceOrientationPortraitUpsideDown UIInterfaceOrientationLandscapeLeft UIInterfaceOrientationLandscapeRight";
				INFOPLIST_KEY_UISupportedInterfaceOrientations_iPhone = "UIInterfaceOrientationPortrait UIInterfaceOrientationLandscapeLeft UIInterfaceOrientationLandscapeRight";
				IPHONEOS_DEPLOYMENT_TARGET = 15.0;
				LD_RUNPATH_SEARCH_PATHS = (
					"$(inherited)",
					"@executable_path/Frameworks",
				);
				MARKETING_VERSION = 1.0;
				PRODUCT_BUNDLE_IDENTIFIER = de.pauljohanneskraft.AISVisualizer;
				PRODUCT_NAME = AISVisualizer;
				SDKROOT = iphoneos;
				SWIFT_EMIT_LOC_STRINGS = YES;
				SWIFT_VERSION = 5.0;
				TARGETED_DEVICE_FAMILY = "1,2";
			};
			name = Debug;
		};
		9BD8E44F27C3B9DE00D20733 /* Release */ = {
			isa = XCBuildConfiguration;
			buildSettings = {
				ASSETCATALOG_COMPILER_APPICON_NAME = AppIcon;
				ASSETCATALOG_COMPILER_GLOBAL_ACCENT_COLOR_NAME = AccentColor;
				CODE_SIGN_STYLE = Automatic;
				CURRENT_PROJECT_VERSION = 1;
				DEVELOPMENT_TEAM = TJSHMGE2VX;
				ENABLE_PREVIEWS = YES;
				GENERATE_INFOPLIST_FILE = YES;
				INFOPLIST_KEY_CFBundleDisplayName = "AIS Visualizer";
				INFOPLIST_KEY_UIApplicationSceneManifest_Generation = YES;
				INFOPLIST_KEY_UIApplicationSupportsIndirectInputEvents = YES;
				INFOPLIST_KEY_UILaunchScreen_Generation = YES;
				INFOPLIST_KEY_UISupportedInterfaceOrientations_iPad = "UIInterfaceOrientationPortrait UIInterfaceOrientationPortraitUpsideDown UIInterfaceOrientationLandscapeLeft UIInterfaceOrientationLandscapeRight";
				INFOPLIST_KEY_UISupportedInterfaceOrientations_iPhone = "UIInterfaceOrientationPortrait UIInterfaceOrientationLandscapeLeft UIInterfaceOrientationLandscapeRight";
				IPHONEOS_DEPLOYMENT_TARGET = 15.0;
				LD_RUNPATH_SEARCH_PATHS = (
					"$(inherited)",
					"@executable_path/Frameworks",
				);
				MARKETING_VERSION = 1.0;
				PRODUCT_BUNDLE_IDENTIFIER = de.pauljohanneskraft.AISVisualizer;
				PRODUCT_NAME = AISVisualizer;
				SDKROOT = iphoneos;
				SWIFT_EMIT_LOC_STRINGS = YES;
				SWIFT_VERSION = 5.0;
				TARGETED_DEVICE_FAMILY = "1,2";
				VALIDATE_PRODUCT = YES;
			};
			name = Release;
		};
		9BD8E45127C3B9DE00D20733 /* Debug */ = {
			isa = XCBuildConfiguration;
			buildSettings = {
				ASSETCATALOG_COMPILER_APPICON_NAME = AppIcon;
				ASSETCATALOG_COMPILER_GLOBAL_ACCENT_COLOR_NAME = AccentColor;
				CODE_SIGN_ENTITLEMENTS = macOS/macOS.entitlements;
				CODE_SIGN_IDENTITY = "-";
				CODE_SIGN_STYLE = Automatic;
				COMBINE_HIDPI_IMAGES = YES;
				CURRENT_PROJECT_VERSION = 1;
				DEVELOPMENT_TEAM = TJSHMGE2VX;
				ENABLE_HARDENED_RUNTIME = YES;
				ENABLE_PREVIEWS = YES;
				GENERATE_INFOPLIST_FILE = YES;
				INFOPLIST_KEY_NSHumanReadableCopyright = "";
				LD_RUNPATH_SEARCH_PATHS = (
					"$(inherited)",
					"@executable_path/../Frameworks",
				);
				MACOSX_DEPLOYMENT_TARGET = 12.0;
				MARKETING_VERSION = 1.0;
				PRODUCT_BUNDLE_IDENTIFIER = de.pauljohanneskraft.AISVisualizer;
				PRODUCT_NAME = AISVisualizer;
				SDKROOT = macosx;
				SWIFT_EMIT_LOC_STRINGS = YES;
				SWIFT_VERSION = 5.0;
			};
			name = Debug;
		};
		9BD8E45227C3B9DE00D20733 /* Release */ = {
			isa = XCBuildConfiguration;
			buildSettings = {
				ASSETCATALOG_COMPILER_APPICON_NAME = AppIcon;
				ASSETCATALOG_COMPILER_GLOBAL_ACCENT_COLOR_NAME = AccentColor;
				CODE_SIGN_ENTITLEMENTS = macOS/macOS.entitlements;
				CODE_SIGN_IDENTITY = "-";
				CODE_SIGN_STYLE = Automatic;
				COMBINE_HIDPI_IMAGES = YES;
				CURRENT_PROJECT_VERSION = 1;
				DEVELOPMENT_TEAM = TJSHMGE2VX;
				ENABLE_HARDENED_RUNTIME = YES;
				ENABLE_PREVIEWS = YES;
				GENERATE_INFOPLIST_FILE = YES;
				INFOPLIST_KEY_NSHumanReadableCopyright = "";
				LD_RUNPATH_SEARCH_PATHS = (
					"$(inherited)",
					"@executable_path/../Frameworks",
				);
				MACOSX_DEPLOYMENT_TARGET = 12.0;
				MARKETING_VERSION = 1.0;
				PRODUCT_BUNDLE_IDENTIFIER = de.pauljohanneskraft.AISVisualizer;
				PRODUCT_NAME = AISVisualizer;
				SDKROOT = macosx;
				SWIFT_EMIT_LOC_STRINGS = YES;
				SWIFT_VERSION = 5.0;
			};
			name = Release;
		};
		9BD8E45427C3B9DE00D20733 /* Debug */ = {
			isa = XCBuildConfiguration;
			buildSettings = {
				ALWAYS_EMBED_SWIFT_STANDARD_LIBRARIES = YES;
				CODE_SIGN_STYLE = Automatic;
				CURRENT_PROJECT_VERSION = 1;
				DEVELOPMENT_TEAM = TJSHMGE2VX;
				GENERATE_INFOPLIST_FILE = YES;
				IPHONEOS_DEPLOYMENT_TARGET = 15.2;
				MARKETING_VERSION = 1.0;
				PRODUCT_BUNDLE_IDENTIFIER = "de.pauljohanneskraft.Tests-iOS";
				PRODUCT_NAME = "$(TARGET_NAME)";
				SDKROOT = iphoneos;
				SWIFT_EMIT_LOC_STRINGS = NO;
				SWIFT_VERSION = 5.0;
				TARGETED_DEVICE_FAMILY = "1,2";
				TEST_TARGET_NAME = "AISVisualizer (iOS)";
			};
			name = Debug;
		};
		9BD8E45527C3B9DE00D20733 /* Release */ = {
			isa = XCBuildConfiguration;
			buildSettings = {
				ALWAYS_EMBED_SWIFT_STANDARD_LIBRARIES = YES;
				CODE_SIGN_STYLE = Automatic;
				CURRENT_PROJECT_VERSION = 1;
				DEVELOPMENT_TEAM = TJSHMGE2VX;
				GENERATE_INFOPLIST_FILE = YES;
				IPHONEOS_DEPLOYMENT_TARGET = 15.2;
				MARKETING_VERSION = 1.0;
				PRODUCT_BUNDLE_IDENTIFIER = "de.pauljohanneskraft.Tests-iOS";
				PRODUCT_NAME = "$(TARGET_NAME)";
				SDKROOT = iphoneos;
				SWIFT_EMIT_LOC_STRINGS = NO;
				SWIFT_VERSION = 5.0;
				TARGETED_DEVICE_FAMILY = "1,2";
				TEST_TARGET_NAME = "AISVisualizer (iOS)";
				VALIDATE_PRODUCT = YES;
			};
			name = Release;
		};
		9BD8E45727C3B9DE00D20733 /* Debug */ = {
			isa = XCBuildConfiguration;
			buildSettings = {
				ALWAYS_EMBED_SWIFT_STANDARD_LIBRARIES = YES;
				CODE_SIGN_STYLE = Automatic;
				CURRENT_PROJECT_VERSION = 1;
				DEVELOPMENT_TEAM = TJSHMGE2VX;
				GENERATE_INFOPLIST_FILE = YES;
				MACOSX_DEPLOYMENT_TARGET = 12.1;
				MARKETING_VERSION = 1.0;
				PRODUCT_BUNDLE_IDENTIFIER = "de.pauljohanneskraft.Tests-macOS";
				PRODUCT_NAME = "$(TARGET_NAME)";
				SDKROOT = macosx;
				SWIFT_EMIT_LOC_STRINGS = NO;
				SWIFT_VERSION = 5.0;
				TEST_TARGET_NAME = "AISVisualizer (macOS)";
			};
			name = Debug;
		};
		9BD8E45827C3B9DE00D20733 /* Release */ = {
			isa = XCBuildConfiguration;
			buildSettings = {
				ALWAYS_EMBED_SWIFT_STANDARD_LIBRARIES = YES;
				CODE_SIGN_STYLE = Automatic;
				CURRENT_PROJECT_VERSION = 1;
				DEVELOPMENT_TEAM = TJSHMGE2VX;
				GENERATE_INFOPLIST_FILE = YES;
				MACOSX_DEPLOYMENT_TARGET = 12.1;
				MARKETING_VERSION = 1.0;
				PRODUCT_BUNDLE_IDENTIFIER = "de.pauljohanneskraft.Tests-macOS";
				PRODUCT_NAME = "$(TARGET_NAME)";
				SDKROOT = macosx;
				SWIFT_EMIT_LOC_STRINGS = NO;
				SWIFT_VERSION = 5.0;
				TEST_TARGET_NAME = "AISVisualizer (macOS)";
			};
			name = Release;
		};
/* End XCBuildConfiguration section */

/* Begin XCConfigurationList section */
		9BD8E41B27C3B9DD00D20733 /* Build configuration list for PBXProject "AISVisualizer" */ = {
			isa = XCConfigurationList;
			buildConfigurations = (
				9BD8E44B27C3B9DE00D20733 /* Debug */,
				9BD8E44C27C3B9DE00D20733 /* Release */,
			);
			defaultConfigurationIsVisible = 0;
			defaultConfigurationName = Release;
		};
		9BD8E44D27C3B9DE00D20733 /* Build configuration list for PBXNativeTarget "AISVisualizer (iOS)" */ = {
			isa = XCConfigurationList;
			buildConfigurations = (
				9BD8E44E27C3B9DE00D20733 /* Debug */,
				9BD8E44F27C3B9DE00D20733 /* Release */,
			);
			defaultConfigurationIsVisible = 0;
			defaultConfigurationName = Release;
		};
		9BD8E45027C3B9DE00D20733 /* Build configuration list for PBXNativeTarget "AISVisualizer (macOS)" */ = {
			isa = XCConfigurationList;
			buildConfigurations = (
				9BD8E45127C3B9DE00D20733 /* Debug */,
				9BD8E45227C3B9DE00D20733 /* Release */,
			);
			defaultConfigurationIsVisible = 0;
			defaultConfigurationName = Release;
		};
		9BD8E45327C3B9DE00D20733 /* Build configuration list for PBXNativeTarget "Tests iOS" */ = {
			isa = XCConfigurationList;
			buildConfigurations = (
				9BD8E45427C3B9DE00D20733 /* Debug */,
				9BD8E45527C3B9DE00D20733 /* Release */,
			);
			defaultConfigurationIsVisible = 0;
			defaultConfigurationName = Release;
		};
		9BD8E45627C3B9DE00D20733 /* Build configuration list for PBXNativeTarget "Tests macOS" */ = {
			isa = XCConfigurationList;
			buildConfigurations = (
				9BD8E45727C3B9DE00D20733 /* Debug */,
				9BD8E45827C3B9DE00D20733 /* Release */,
			);
			defaultConfigurationIsVisible = 0;
			defaultConfigurationName = Release;
		};
/* End XCConfigurationList section */
	};
	rootObject = 9BD8E41827C3B9DD00D20733 /* Project object */;
}
